
Microsoft Visual Studio Solution File, Format Version 12.00
# Visual Studio 14
VisualStudioVersion = 14.0.25420.1
MinimumVisualStudioVersion = 10.0.40219.1
Project("{FAE04EC0-301F-11D3-BF4B-00C04F79EFBC}") = "TeamB", "TeamB\TeamB.csproj", "{8020CCF0-5CC5-4EA0-A3A8-E9B4CC5BBAA2}"
EndProject
Project("{FAE04EC0-301F-11D3-BF4B-00C04F79EFBC}") = "Repository", "Repository\Repository.csproj", "{CBE4C913-7202-4402-B278-4A217D2C8069}"
EndProject
Project("{FAE04EC0-301F-11D3-BF4B-00C04F79EFBC}") = "TeamB.Tests", "TeamB.Tests\TeamB.Tests.csproj", "{34D1A100-DFAA-4773-98E9-C87F68D995EC}"
EndProject
Project("{FAE04EC0-301F-11D3-BF4B-00C04F79EFBC}") = "TeamB.Core", "TeamB.Core\TeamB.Core.csproj", "{8C06BDC2-01D0-491C-B73C-D703ABA4774E}"
EndProject
Project("{FAE04EC0-301F-11D3-BF4B-00C04F79EFBC}") = "TeamB.Core.Tests", "TeamB.Core.Tests\TeamB.Core.Tests.csproj", "{A1548C2F-DA58-4BE1-AA72-7F8370A04204}"
EndProject
Project("{FAE04EC0-301F-11D3-BF4B-00C04F79EFBC}") = "SandBox", "SandBox\SandBox.csproj", "{D905663A-3C9A-4D98-B84D-59ED07DB2B18}"
EndProject
Global
	GlobalSection(SolutionConfigurationPlatforms) = preSolution
		Debug|Any CPU = Debug|Any CPU
		Release|Any CPU = Release|Any CPU
	EndGlobalSection
	GlobalSection(ProjectConfigurationPlatforms) = postSolution
		{8020CCF0-5CC5-4EA0-A3A8-E9B4CC5BBAA2}.Debug|Any CPU.ActiveCfg = Debug|Any CPU
		{8020CCF0-5CC5-4EA0-A3A8-E9B4CC5BBAA2}.Debug|Any CPU.Build.0 = Debug|Any CPU
		{8020CCF0-5CC5-4EA0-A3A8-E9B4CC5BBAA2}.Release|Any CPU.ActiveCfg = Release|Any CPU
		{8020CCF0-5CC5-4EA0-A3A8-E9B4CC5BBAA2}.Release|Any CPU.Build.0 = Release|Any CPU
		{CBE4C913-7202-4402-B278-4A217D2C8069}.Debug|Any CPU.ActiveCfg = Debug|Any CPU
		{CBE4C913-7202-4402-B278-4A217D2C8069}.Debug|Any CPU.Build.0 = Debug|Any CPU
		{CBE4C913-7202-4402-B278-4A217D2C8069}.Release|Any CPU.ActiveCfg = Release|Any CPU
		{CBE4C913-7202-4402-B278-4A217D2C8069}.Release|Any CPU.Build.0 = Release|Any CPU
		{34D1A100-DFAA-4773-98E9-C87F68D995EC}.Debug|Any CPU.ActiveCfg = Debug|Any CPU
		{34D1A100-DFAA-4773-98E9-C87F68D995EC}.Debug|Any CPU.Build.0 = Debug|Any CPU
		{34D1A100-DFAA-4773-98E9-C87F68D995EC}.Release|Any CPU.ActiveCfg = Release|Any CPU
		{34D1A100-DFAA-4773-98E9-C87F68D995EC}.Release|Any CPU.Build.0 = Release|Any CPU
		{8C06BDC2-01D0-491C-B73C-D703ABA4774E}.Debug|Any CPU.ActiveCfg = Debug|Any CPU
		{8C06BDC2-01D0-491C-B73C-D703ABA4774E}.Debug|Any CPU.Build.0 = Debug|Any CPU
		{8C06BDC2-01D0-491C-B73C-D703ABA4774E}.Release|Any CPU.ActiveCfg = Release|Any CPU
		{8C06BDC2-01D0-491C-B73C-D703ABA4774E}.Release|Any CPU.Build.0 = Release|Any CPU
		{A1548C2F-DA58-4BE1-AA72-7F8370A04204}.Debug|Any CPU.ActiveCfg = Debug|Any CPU
		{A1548C2F-DA58-4BE1-AA72-7F8370A04204}.Debug|Any CPU.Build.0 = Debug|Any CPU
		{A1548C2F-DA58-4BE1-AA72-7F8370A04204}.Release|Any CPU.ActiveCfg = Release|Any CPU
		{A1548C2F-DA58-4BE1-AA72-7F8370A04204}.Release|Any CPU.Build.0 = Release|Any CPU
		{D905663A-3C9A-4D98-B84D-59ED07DB2B18}.Debug|Any CPU.ActiveCfg = Debug|Any CPU
		{D905663A-3C9A-4D98-B84D-59ED07DB2B18}.Debug|Any CPU.Build.0 = Debug|Any CPU
		{D905663A-3C9A-4D98-B84D-59ED07DB2B18}.Release|Any CPU.ActiveCfg = Release|Any CPU
		{D905663A-3C9A-4D98-B84D-59ED07DB2B18}.Release|Any CPU.Build.0 = Release|Any CPU
	EndGlobalSection
	GlobalSection(SolutionProperties) = preSolution
		HideSolutionNode = FALSE
	EndGlobalSection
EndGlobal
